
Microsoft Visual Studio Solution File, Format Version 12.00
# Visual Studio Version 17
VisualStudioVersion = 17.6.33801.468
MinimumVisualStudioVersion = 10.0.40219.1
Project("{FAE04EC0-301F-11D3-BF4B-00C04F79EFBC}") = "Cadastro Funcionario", "Cadastro Funcionario\Cadastro Funcionario.csproj", "{77449BF7-8F03-4BF4-B909-9062E9A751E5}"
EndProject
Global
	GlobalSection(SolutionConfigurationPlatforms) = preSolution
		Debug|Any CPU = Debug|Any CPU
		Release|Any CPU = Release|Any CPU
	EndGlobalSection
	GlobalSection(ProjectConfigurationPlatforms) = postSolution
		{77449BF7-8F03-4BF4-B909-9062E9A751E5}.Debug|Any CPU.ActiveCfg = Debug|Any CPU
		{77449BF7-8F03-4BF4-B909-9062E9A751E5}.Debug|Any CPU.Build.0 = Debug|Any CPU
		{77449BF7-8F03-4BF4-B909-9062E9A751E5}.Release|Any CPU.ActiveCfg = Release|Any CPU
		{77449BF7-8F03-4BF4-B909-9062E9A751E5}.Release|Any CPU.Build.0 = Release|Any CPU
	EndGlobalSection
	GlobalSection(SolutionProperties) = preSolution
		HideSolutionNode = FALSE
	EndGlobalSection
	GlobalSection(ExtensibilityGlobals) = postSolution
		SolutionGuid = {656622EF-71CE-4483-B4B1-DCB5C2F69D7D}
	EndGlobalSection
EndGlobal
